	<Project xmlns="http://schemas.microsoft.com/developer/msbuild/2003">
		<PropertyGroup>
			<ProjectGuid>{81F98B12-864A-43E0-83E2-C6A56F6E6A69}</ProjectGuid>
			<ProjectVersion>13.4</ProjectVersion>
			<FrameworkType>VCL</FrameworkType>
			<MainSource>sbinducr.dpr</MainSource>
			<Base>True</Base>
			<Config Condition="'$(Config)'==''">Release</Config>
			<Platform Condition="'$(Platform)'==''">Win32</Platform>
			<TargetedPlatforms>1</TargetedPlatforms>
			<AppType>Application</AppType>
		</PropertyGroup>
		<PropertyGroup Condition="'$(Config)'=='Base' or '$(Base)'!=''">
			<Base>true</Base>
		</PropertyGroup>
		<PropertyGroup Condition="('$(Platform)'=='Win64' and '$(Base)'=='true') or '$(Base_Win64)'!=''">
			<Base_Win64>true</Base_Win64>
			<CfgParent>Base</CfgParent>
			<Base>true</Base>
		</PropertyGroup>
		<PropertyGroup Condition="('$(Platform)'=='Win32' and '$(Base)'=='true') or '$(Base_Win32)'!=''">
			<Base_Win32>true</Base_Win32>
			<CfgParent>Base</CfgParent>
			<Base>true</Base>
		</PropertyGroup>
		<PropertyGroup Condition="'$(Config)'=='Debug' or '$(Cfg_1)'!=''">
			<Cfg_1>true</Cfg_1>
			<CfgParent>Base</CfgParent>
			<Base>true</Base>
		</PropertyGroup>
		<PropertyGroup Condition="('$(Platform)'=='Win32' and '$(Cfg_1)'=='true') or '$(Cfg_1_Win32)'!=''">
			<Cfg_1_Win32>true</Cfg_1_Win32>
			<CfgParent>Cfg_1</CfgParent>
			<Cfg_1>true</Cfg_1>
			<Base>true</Base>
		</PropertyGroup>
		<PropertyGroup Condition="'$(Config)'=='Release' or '$(Cfg_2)'!=''">
			<Cfg_2>true</Cfg_2>
			<CfgParent>Base</CfgParent>
			<Base>true</Base>
		</PropertyGroup>
		<PropertyGroup Condition="('$(Platform)'=='Win32' and '$(Cfg_2)'=='true') or '$(Cfg_2_Win32)'!=''">
			<Cfg_2_Win32>true</Cfg_2_Win32>
			<CfgParent>Cfg_2</CfgParent>
			<Cfg_2>true</Cfg_2>
			<Base>true</Base>
		</PropertyGroup>
		<PropertyGroup Condition="'$(Base)'!=''">
			<VerInfo_Build>1466</VerInfo_Build>
			<VerInfo_Release>6</VerInfo_Release>
			<VerInfo_IncludeVerInfo>true</VerInfo_IncludeVerInfo>
			<VerInfo_MajorVer>5</VerInfo_MajorVer>
			<VerInfo_Keys>CompanyName=SiZiOUS;FileDescription=Selfboot Inducer 5;FileVersion=5.0.6.1466;InternalName=sbinducr.exe;LegalCopyright=© Copyleft 2002-2013;LegalTrademarks=Sega and Dreamcast are trademarks of Sega. This program is not affiliated in any way with Sega or any other brand. If you paid to get this software, you have been cheated.;OriginalFilename=sbinducr.exe;ProductName=Selfboot Inducer 5;ProductVersion=5.0;Comments=http://www.sizious.com/</VerInfo_Keys>
			<Manifest_File>None</Manifest_File>
			<VerInfo_Locale>1036</VerInfo_Locale>
			<DCC_UsePackage>bindcompfmx;fmx;rtl;dbrtl;IndySystem;bindcomp;xmlrtl;IndyProtocols;bindengine;dsnap;fmxase;IndyCore;fmxobj;fmxdae;$(DCC_UsePackage)</DCC_UsePackage>
			<Icon_MainIcon>$(BDS)\bin\delphi_PROJECTICON.ico</Icon_MainIcon>
			<DCC_Namespace>System;Xml;Data;Datasnap;Web;Soap;Vcl;Vcl.Imaging;Vcl.Touch;Vcl.Samples;Vcl.Shell;$(DCC_Namespace)</DCC_Namespace>
			<DCC_DcuOutput>..\obj\$(Platform)\$(Config)</DCC_DcuOutput>
			<DCC_ExeOutput>..\bin\$(Platform)\$(Config)</DCC_ExeOutput>
			<DCC_E>false</DCC_E>
			<DCC_N>false</DCC_N>
			<DCC_S>false</DCC_S>
			<DCC_F>false</DCC_F>
			<DCC_K>false</DCC_K>
		</PropertyGroup>
		<PropertyGroup Condition="'$(Base_Win64)'!=''">
			<DCC_UsePackage>vclimg;vclactnband;vcldb;vcldsnap;bindcompvcl;vcltouch;VclSmp;vcl;dsnapcon;vclx;$(DCC_UsePackage)</DCC_UsePackage>
		</PropertyGroup>
		<PropertyGroup Condition="'$(Base_Win32)'!=''">
			<DCC_UsePackage>JvWizards;JvGlobus;JvMM;JvManagedThreads;JvHMI;JvBands;vcldbx;JvDlgs;JvCrypt;JvPluginSystem;JclContainers;JvCmp;JvNet;JvSystem;svnui;JvDotNetCtrls;JvTimeFramework;JvControls;vclimg;fmi;JvXPCtrls;vclactnband;vcldb;JvJans;JvPrintPreview;vcldsnap;bindcompvcl;JvStdCtrls;JvCustom;Jcl;JvPageComps;vcltouch;JvCore;VclSmp;vcl;CodeSiteExpressPkg;dsnapcon;JclVcl;JvAppFrm;JvDB;JvPascalInterpreter;vclx;JvRuntimeDesign;svn;JclDeveloperTools;bdertl;JvDocking;JvBDE;$(DCC_UsePackage)</DCC_UsePackage>
			<DCC_Namespace>Winapi;System.Win;Data.Win;Datasnap.Win;Web.Win;Soap.Win;Xml.Win;Bde;$(DCC_Namespace)</DCC_Namespace>
			<Manifest_File>$(BDS)\bin\default_app.manifest</Manifest_File>
		</PropertyGroup>
		<PropertyGroup Condition="'$(Cfg_1)'!=''">
			<VerInfo_Debug>true</VerInfo_Debug>
			<DCC_Define>DEBUG;$(DCC_Define)</DCC_Define>
			<DCC_Optimize>false</DCC_Optimize>
			<DCC_GenerateStackFrames>true</DCC_GenerateStackFrames>
			<DCC_DebugInfoInExe>true</DCC_DebugInfoInExe>
			<DCC_RemoteDebug>true</DCC_RemoteDebug>
		</PropertyGroup>
		<PropertyGroup Condition="'$(Cfg_1_Win32)'!=''">
			<BCC_DebugLineNumbers>true</BCC_DebugLineNumbers>
			<BCC_SourceDebuggingOn>true</BCC_SourceDebuggingOn>
			<ILINK_FullDebugInfo>true</ILINK_FullDebugInfo>
			<Manifest_File>$(BDS)\bin\default_app.manifest</Manifest_File>
			<DCC_RemoteDebug>false</DCC_RemoteDebug>
		</PropertyGroup>
		<PropertyGroup Condition="'$(Cfg_2)'!=''">
			<Icon_MainIcon>..\rsrc\icons\main\sbinducr.ico</Icon_MainIcon>
			<DCC_LocalDebugSymbols>false</DCC_LocalDebugSymbols>
			<DCC_Define>RELEASE;$(DCC_Define)</DCC_Define>
			<DCC_SymbolReferenceInfo>0</DCC_SymbolReferenceInfo>
			<DCC_DebugInformation>false</DCC_DebugInformation>
		</PropertyGroup>
		<PropertyGroup Condition="'$(Cfg_2_Win32)'!=''">
			<Manifest_File>$(BDS)\bin\default_app.manifest</Manifest_File>
		</PropertyGroup>
		<ItemGroup>
			<DelphiCompile Include="$(MainSource)">
				<MainSource>MainSource</MainSource>
			</DelphiCompile>
			<RcCompile Include="extrsrc.rc">
				<Form>extrsrc.res</Form>
			</RcCompile>
			<DCCReference Include="main.pas">
				<Form>frmMain</Form>
				<FormType>dfm</FormType>
			</DCCReference>
			<DCCReference Include="engine\sbicore.pas"/>
			<DCCReference Include="engine\systools.pas"/>
			<DCCReference Include="engine\workdir.pas"/>
			<DCCReference Include="engine\uitools.pas"/>
			<DCCReference Include="engine\cslmgr.pas"/>
			<DCCReference Include="engine\mrimage.pas"/>
			<DCCReference Include="engine\xmlconf.pas"/>
			<DCCReference Include="mrview.pas">
				<Form>frmLogoPreview</Form>
				<FormType>dfm</FormType>
			</DCCReference>
			<DCCReference Include="engine\appver.pas"/>
			<DCCReference Include="engine\cdrecord.pas"/>
			<DCCReference Include="about.pas">
				<Form>frmAbout</Form>
				<FormType>dfm</FormType>
			</DCCReference>
			<BuildConfiguration Include="Release">
				<Key>Cfg_2</Key>
				<CfgParent>Base</CfgParent>
			</BuildConfiguration>
			<BuildConfiguration Include="Base">
				<Key>Base</Key>
			</BuildConfiguration>
			<BuildConfiguration Include="Debug">
				<Key>Cfg_1</Key>
				<CfgParent>Base</CfgParent>
			</BuildConfiguration>
		</ItemGroup>
		<ProjectExtensions>
			<Borland.Personality>Delphi.Personality.12</Borland.Personality>
			<Borland.ProjectType/>
			<BorlandProject>
				<Delphi.Personality>
					<VersionInfo>
						<VersionInfo Name="IncludeVerInfo">False</VersionInfo>
						<VersionInfo Name="AutoIncBuild">False</VersionInfo>
						<VersionInfo Name="MajorVer">1</VersionInfo>
						<VersionInfo Name="MinorVer">0</VersionInfo>
						<VersionInfo Name="Release">0</VersionInfo>
						<VersionInfo Name="Build">0</VersionInfo>
						<VersionInfo Name="Debug">False</VersionInfo>
						<VersionInfo Name="PreRelease">False</VersionInfo>
						<VersionInfo Name="Special">False</VersionInfo>
						<VersionInfo Name="Private">False</VersionInfo>
						<VersionInfo Name="DLL">False</VersionInfo>
						<VersionInfo Name="Locale">1036</VersionInfo>
						<VersionInfo Name="CodePage">1252</VersionInfo>
					</VersionInfo>
					<VersionInfoKeys>
						<VersionInfoKeys Name="CompanyName"/>
						<VersionInfoKeys Name="FileDescription"/>
						<VersionInfoKeys Name="FileVersion">1.0.0.0</VersionInfoKeys>
						<VersionInfoKeys Name="InternalName"/>
						<VersionInfoKeys Name="LegalCopyright"/>
						<VersionInfoKeys Name="LegalTrademarks"/>
						<VersionInfoKeys Name="OriginalFilename"/>
						<VersionInfoKeys Name="ProductName"/>
						<VersionInfoKeys Name="ProductVersion">1.0.0.0</VersionInfoKeys>
						<VersionInfoKeys Name="Comments"/>
					</VersionInfoKeys>
					<Source>
						<Source Name="MainSource">sbinducr.dpr</Source>
					</Source>
				</Delphi.Personality>
				<Deployment/>
				<Platforms>
					<Platform value="Win64">False</Platform>
					<Platform value="Win32">True</Platform>
				</Platforms>
				<ModelSupport>False</ModelSupport>
			</BorlandProject>
			<ProjectFileVersion>12</ProjectFileVersion>
		</ProjectExtensions>
		<Import Condition="Exists('$(BDS)\Bin\CodeGear.Delphi.Targets')" Project="$(BDS)\Bin\CodeGear.Delphi.Targets"/>
		<Import Condition="Exists('$(APPDATA)\Embarcadero\$(BDSAPPDATABASEDIR)\$(PRODUCTVERSION)\UserTools.proj')" Project="$(APPDATA)\Embarcadero\$(BDSAPPDATABASEDIR)\$(PRODUCTVERSION)\UserTools.proj"/>
	</Project>
